// !$*UTF8*$!
{
	archiveVersion = 1;
	classes = {
	};
	objectVersion = 46;
	objects = {

/* Begin PBXBuildFile section */
		BD1C20981E2803B60077122E /* AppDelegate.swift in Sources */ = {isa = PBXBuildFile; fileRef = BD1C20971E2803B60077122E /* AppDelegate.swift */; };
		BD1C209A1E2803B70077122E /* ViewController.swift in Sources */ = {isa = PBXBuildFile; fileRef = BD1C20991E2803B70077122E /* ViewController.swift */; };
		BD1C209D1E2803B70077122E /* Main.storyboard in Resources */ = {isa = PBXBuildFile; fileRef = BD1C209B1E2803B70077122E /* Main.storyboard */; };
		BD1C209F1E2803B70077122E /* Assets.xcassets in Resources */ = {isa = PBXBuildFile; fileRef = BD1C209E1E2803B70077122E /* Assets.xcassets */; };
		BD1C20A21E2803B70077122E /* LaunchScreen.storyboard in Resources */ = {isa = PBXBuildFile; fileRef = BD1C20A01E2803B70077122E /* LaunchScreen.storyboard */; };
/* End PBXBuildFile section */

/* Begin PBXFileReference section */
		BD1C20941E2803B60077122E /* iOS10 Photo Demo.app */ = {isa = PBXFileReference; explicitFileType = wrapper.application; includeInIndex = 0; path = "iOS10 Photo Demo.app"; sourceTree = BUILT_PRODUCTS_DIR; };
		BD1C20971E2803B60077122E /* AppDelegate.swift */ = {isa = PBXFileReference; lastKnownFileType = sourcecode.swift; path = AppDelegate.swift; sourceTree = "<group>"; };
		BD1C20991E2803B70077122E /* ViewController.swift */ = {isa = PBXFileReference; lastKnownFileType = sourcecode.swift; path = ViewController.swift; sourceTree = "<group>"; };
		BD1C209C1E2803B70077122E /* Base */ = {isa = PBXFileReference; lastKnownFileType = file.storyboard; name = Base; path = Base.lproj/Main.storyboard; sourceTree = "<group>"; };
		BD1C209E1E2803B70077122E /* Assets.xcassets */ = {isa = PBXFileReference; lastKnownFileType = folder.assetcatalog; path = Assets.xcassets; sourceTree = "<group>"; };
		BD1C20A11E2803B70077122E /* Base */ = {isa = PBXFileReference; lastKnownFileType = file.storyboard; name = Base; path = Base.lproj/LaunchScreen.storyboard; sourceTree = "<group>"; };
		BD1C20A31E2803B70077122E /* Info.plist */ = {isa = PBXFileReference; lastKnownFileType = text.plist.xml; path = Info.plist; sourceTree = "<group>"; };
/* End PBXFileReference section */

/* Begin PBXFrameworksBuildPhase section */
		BD1C20911E2803B60077122E /* Frameworks */ = {
			isa = PBXFrameworksBuildPhase;
			buildActionMask = 2147483647;
			files = (
			);
			runOnlyForDeploymentPostprocessing = 0;
		};
/* End PBXFrameworksBuildPhase section */

/* Begin PBXGroup section */
		BD1C208B1E2803B60077122E = {
			isa = PBXGroup;
			children = (
				BD1C20961E2803B60077122E /* iOS10 Photo Demo */,
				BD1C20951E2803B60077122E /* Products */,
			);
			sourceTree = "<group>";
		};
		BD1C20951E2803B60077122E /* Products */ = {
			isa = PBXGroup;
			children = (
				BD1C20941E2803B60077122E /* iOS10 Photo Demo.app */,
			);
			name = Products;
			sourceTree = "<group>";
		};
		BD1C20961E2803B60077122E /* iOS10 Photo Demo */ = {
			isa = PBXGroup;
			children = (
				BD1C20971E2803B60077122E /* AppDelegate.swift */,
				BD1C20991E2803B70077122E /* ViewController.swift */,
				BD1C209B1E2803B70077122E /* Main.storyboard */,
				BD1C209E1E2803B70077122E /* Assets.xcassets */,
				BD1C20A01E2803B70077122E /* LaunchScreen.storyboard */,
				BD1C20A31E2803B70077122E /* Info.plist */,
			);
			path = "iOS10 Photo Demo";
			sourceTree = "<group>";
		};
/* End PBXGroup section */

/* Begin PBXNativeTarget section */
		BD1C20931E2803B60077122E /* iOS10 Photo Demo */ = {
			isa = PBXNativeTarget;
			buildConfigurationList = BD1C20A61E2803B70077122E /* Build configuration list for PBXNativeTarget "iOS10 Photo Demo" */;
			buildPhases = (
				BD1C20901E2803B60077122E /* Sources */,
				BD1C20911E2803B60077122E /* Frameworks */,
				BD1C20921E2803B60077122E /* Resources */,
			);
			buildRules = (
			);
			dependencies = (
			);
			name = "iOS10 Photo Demo";
			productName = "iOS10 Photo Demo";
			productReference = BD1C20941E2803B60077122E /* iOS10 Photo Demo.app */;
			productType = "com.apple.product-type.application";
		};
/* End PBXNativeTarget section */

/* Begin PBXProject section */
		BD1C208C1E2803B60077122E /* Project object */ = {
			isa = PBXProject;
			attributes = {
				LastSwiftUpdateCheck = 0820;
				LastUpgradeCheck = 0820;
				ORGANIZATIONNAME = aney;
				TargetAttributes = {
					BD1C20931E2803B60077122E = {
						CreatedOnToolsVersion = 8.2.1;
						ProvisioningStyle = Automatic;
					};
				};
			};
			buildConfigurationList = BD1C208F1E2803B60077122E /* Build configuration list for PBXProject "iOS10 Photo Demo" */;
			compatibilityVersion = "Xcode 3.2";
			developmentRegion = English;
			hasScannedForEncodings = 0;
			knownRegions = (
				en,
				Base,
			);
			mainGroup = BD1C208B1E2803B60077122E;
			productRefGroup = BD1C20951E2803B60077122E /* Products */;
			projectDirPath = "";
			projectRoot = "";
			targets = (
				BD1C20931E2803B60077122E /* iOS10 Photo Demo */,
			);
		};
/* End PBXProject section */

/* Begin PBXResourcesBuildPhase section */
		BD1C20921E2803B60077122E /* Resources */ = {
			isa = PBXResourcesBuildPhase;
			buildActionMask = 2147483647;
			files = (
				BD1C20A21E2803B70077122E /* LaunchScreen.storyboard in Resources */,
				BD1C209F1E2803B70077122E /* Assets.xcassets in Resources */,
				BD1C209D1E2803B70077122E /* Main.storyboard in Resources */,
			);
			runOnlyForDeploymentPostprocessing = 0;
		};
/* End PBXResourcesBuildPhase section */

/* Begin PBXSourcesBuildPhase section */
		BD1C20901E2803B60077122E /* Sources */ = {
			isa = PBXSourcesBuildPhase;
			buildActionMask = 2147483647;
			files = (
				BD1C209A1E2803B70077122E /* ViewController.swift in Sources */,
				BD1C20981E2803B60077122E /* AppDelegate.swift in Sources */,
			);
			runOnlyForDeploymentPostprocessing = 0;
		};
/* End PBXSourcesBuildPhase section */

/* Begin PBXVariantGroup section */
		BD1C209B1E2803B70077122E /* Main.storyboard */ = {
			isa = PBXVariantGroup;
			children = (
				BD1C209C1E2803B70077122E /* Base */,
			);
			name = Main.storyboard;
			sourceTree = "<group>";
		};
		BD1C20A01E2803B70077122E /* LaunchScreen.storyboard */ = {
			isa = PBXVariantGroup;
			children = (
				BD1C20A11E2803B70077122E /* Base */,
			);
			name = LaunchScreen.storyboard;
			sourceTree = "<group>";
		};
/* End PBXVariantGroup section */

/* Begin XCBuildConfiguration section */
		BD1C20A41E2803B70077122E /* Debug */ = {
			isa = XCBuildConfiguration;
			buildSettings = {
				ALWAYS_SEARCH_USER_PATHS = NO;
				CLANG_ANALYZER_NONNULL = YES;
				CLANG_CXX_LANGUAGE_STANDARD = "gnu++0x";
				CLANG_CXX_LIBRARY = "libc++";
				CLANG_ENABLE_MODULES = YES;
				CLANG_ENABLE_OBJC_ARC = YES;
				CLANG_WARN_BOOL_CONVERSION = YES;
				CLANG_WARN_CONSTANT_CONVERSION = YES;
				CLANG_WARN_DIRECT_OBJC_ISA_USAGE = YES_ERROR;
				CLANG_WARN_DOCUMENTATION_COMMENTS = YES;
				CLANG_WARN_EMPTY_BODY = YES;
				CLANG_WARN_ENUM_CONVERSION = YES;
				CLANG_WARN_INFINITE_RECURSION = YES;
				CLANG_WARN_INT_CONVERSION = YES;
				CLANG_WARN_OBJC_ROOT_CLASS = YES_ERROR;
				CLANG_WARN_SUSPICIOUS_MOVE = YES;
				CLANG_WARN_UNREACHABLE_CODE = YES;
				CLANG_WARN__DUPLICATE_METHOD_MATCH = YES;
				"CODE_SIGN_IDENTITY[sdk=iphoneos*]" = "iPhone Developer";
				COPY_PHASE_STRIP = NO;
				DEBUG_INFORMATION_FORMAT = dwarf;
				ENABLE_STRICT_OBJC_MSGSEND = YES;
				ENABLE_TESTABILITY = YES;
				GCC_C_LANGUAGE_STANDARD = gnu99;
				GCC_DYNAMIC_NO_PIC = NO;
				GCC_NO_COMMON_BLOCKS = YES;
				GCC_OPTIMIZATION_LEVEL = 0;
				GCC_PREPROCESSOR_DEFINITIONS = (
					"DEBUG=1",
					"$(inherited)",
				);
				GCC_WARN_64_TO_32_BIT_CONVERSION = YES;
				GCC_WARN_ABOUT_RETURN_TYPE = YES_ERROR;
				GCC_WARN_UNDECLARED_SELECTOR = YES;
				GCC_WARN_UNINITIALIZED_AUTOS = YES_AGGRESSIVE;
				GCC_WARN_UNUSED_FUNCTION = YES;
				GCC_WARN_UNUSED_VARIABLE = YES;
				IPHONEOS_DEPLOYMENT_TARGET = 10.2;
				MTL_ENABLE_DEBUG_INFO = YES;
				ONLY_ACTIVE_ARCH = YES;
				SDKROOT = iphoneos;
				SWIFT_ACTIVE_COMPILATION_CONDITIONS = DEBUG;
				SWIFT_OPTIMIZATION_LEVEL = "-Onone";
				TARGETED_DEVICE_FAMILY = "1,2";
			};
			name = Debug;
		};
		BD1C20A51E2803B70077122E /* Release */ = {
			isa = XCBuildConfiguration;
			buildSettings = {
				ALWAYS_SEARCH_USER_PATHS = NO;
				CLANG_ANALYZER_NONNULL = YES;
				CLANG_CXX_LANGUAGE_STANDARD = "gnu++0x";
				CLANG_CXX_LIBRARY = "libc++";
				CLANG_ENABLE_MODULES = YES;
				CLANG_ENABLE_OBJC_ARC = YES;
				CLANG_WARN_BOOL_CONVERSION = YES;
				CLANG_WARN_CONSTANT_CONVERSION = YES;
				CLANG_WARN_DIRECT_OBJC_ISA_USAGE = YES_ERROR;
				CLANG_WARN_DOCUMENTATION_COMMENTS = YES;
				CLANG_WARN_EMPTY_BODY = YES;
				CLANG_WARN_ENUM_CONVERSION = YES;
				CLANG_WARN_INFINITE_RECURSION = YES;
				CLANG_WARN_INT_CONVERSION = YES;
				CLANG_WARN_OBJC_ROOT_CLASS = YES_ERROR;
				CLANG_WARN_SUSPICIOUS_MOVE = YES;
				CLANG_WARN_UNREACHABLE_CODE = YES;
				CLANG_WARN__DUPLICATE_METHOD_MATCH = YES;
				"CODE_SIGN_IDENTITY[sdk=iphoneos*]" = "iPhone Developer";
				COPY_PHASE_STRIP = NO;
				DEBUG_INFORMATION_FORMAT = "dwarf-with-dsym";
				ENABLE_NS_ASSERTIONS = NO;
				ENABLE_STRICT_OBJC_MSGSEND = YES;
				GCC_C_LANGUAGE_STANDARD = gnu99;
				GCC_NO_COMMON_BLOCKS = YES;
				GCC_WARN_64_TO_32_BIT_CONVERSION = YES;
				GCC_WARN_ABOUT_RETURN_TYPE = YES_ERROR;
				GCC_WARN_UNDECLARED_SELECTOR = YES;
				GCC_WARN_UNINITIALIZED_AUTOS = YES_AGGRESSIVE;
				GCC_WARN_UNUSED_FUNCTION = YES;
				GCC_WARN_UNUSED_VARIABLE = YES;
				IPHONEOS_DEPLOYMENT_TARGET = 10.2;
				MTL_ENABLE_DEBUG_INFO = NO;
				SDKROOT = iphoneos;
				SWIFT_OPTIMIZATION_LEVEL = "-Owholemodule";
				TARGETED_DEVICE_FAMILY = "1,2";
				VALIDATE_PRODUCT = YES;
			};
			name = Release;
		};
		BD1C20A71E2803B70077122E /* Debug */ = {
			isa = XCBuildConfiguration;
			buildSettings = {
				ASSETCATALOG_COMPILER_APPICON_NAME = AppIcon;
				INFOPLIST_FILE = "iOS10 Photo Demo/Info.plist";
				LD_RUNPATH_SEARCH_PATHS = "$(inherited) @executable_path/Frameworks";
				PRODUCT_BUNDLE_IDENTIFIER = "com.aney.iOS10-Photo-Demo";
				PRODUCT_NAME = "$(TARGET_NAME)";
				SWIFT_VERSION = 3.0;
			};
			name = Debug;
		};
		BD1C20A81E2803B70077122E /* Release */ = {
			isa = XCBuildConfiguration;
			buildSettings = {
				ASSETCATALOG_COMPILER_APPICON_NAME = AppIcon;
				INFOPLIST_FILE = "iOS10 Photo Demo/Info.plist";
				LD_RUNPATH_SEARCH_PATHS = "$(inherited) @executable_path/Frameworks";
				PRODUCT_BUNDLE_IDENTIFIER = "com.aney.iOS10-Photo-Demo";
				PRODUCT_NAME = "$(TARGET_NAME)";
				SWIFT_VERSION = 3.0;
			};
			name = Release;
		};
/* End XCBuildConfiguration section */

/* Begin XCConfigurationList section */
		BD1C208F1E2803B60077122E /* Build configuration list for PBXProject "iOS10 Photo Demo" */ = {
			isa = XCConfigurationList;
			buildConfigurations = (
				BD1C20A41E2803B70077122E /* Debug */,
				BD1C20A51E2803B70077122E /* Release */,
			);
			defaultConfigurationIsVisible = 0;
			defaultConfigurationName = Release;
		};
		BD1C20A61E2803B70077122E /* Build configuration list for PBXNativeTarget "iOS10 Photo Demo" */ = {
			isa = XCConfigurationList;
			buildConfigurations = (
				BD1C20A71E2803B70077122E /* Debug */,
				BD1C20A81E2803B70077122E /* Release */,
			);
			defaultConfigurationIsVisible = 0;
		};
/* End XCConfigurationList section */
	};
	rootObject = BD1C208C1E2803B60077122E /* Project object */;
}
