// !$*UTF8*$!
{
	archiveVersion = 1;
	classes = {
	};
	objectVersion = 46;
	objects = {

/* Begin PBXBuildFile section */
		BD2BF2631E3245E2007A6655 /* AppDelegate.swift in Sources */ = {isa = PBXBuildFile; fileRef = BD2BF2621E3245E2007A6655 /* AppDelegate.swift */; };
		BD2BF2651E3245E2007A6655 /* ViewController.swift in Sources */ = {isa = PBXBuildFile; fileRef = BD2BF2641E3245E2007A6655 /* ViewController.swift */; };
		BD2BF2681E3245E2007A6655 /* Main.storyboard in Resources */ = {isa = PBXBuildFile; fileRef = BD2BF2661E3245E2007A6655 /* Main.storyboard */; };
		BD2BF26A1E3245E2007A6655 /* Assets.xcassets in Resources */ = {isa = PBXBuildFile; fileRef = BD2BF2691E3245E2007A6655 /* Assets.xcassets */; };
		BD2BF26D1E3245E2007A6655 /* LaunchScreen.storyboard in Resources */ = {isa = PBXBuildFile; fileRef = BD2BF26B1E3245E2007A6655 /* LaunchScreen.storyboard */; };
		BD2BF2791E3246E8007A6655 /* ColorPickerViewController.swift in Sources */ = {isa = PBXBuildFile; fileRef = BD2BF2781E3246E8007A6655 /* ColorPickerViewController.swift */; };
		BD2BF27D1E327D25007A6655 /* ColorPickerDelegate.swift in Sources */ = {isa = PBXBuildFile; fileRef = BD2BF27C1E327D25007A6655 /* ColorPickerDelegate.swift */; };
/* End PBXBuildFile section */

/* Begin PBXFileReference section */
		BD2BF25F1E3245E2007A6655 /* iOS10 Delegate Pattern Example.app */ = {isa = PBXFileReference; explicitFileType = wrapper.application; includeInIndex = 0; path = "iOS10 Delegate Pattern Example.app"; sourceTree = BUILT_PRODUCTS_DIR; };
		BD2BF2621E3245E2007A6655 /* AppDelegate.swift */ = {isa = PBXFileReference; lastKnownFileType = sourcecode.swift; path = AppDelegate.swift; sourceTree = "<group>"; };
		BD2BF2641E3245E2007A6655 /* ViewController.swift */ = {isa = PBXFileReference; lastKnownFileType = sourcecode.swift; path = ViewController.swift; sourceTree = "<group>"; };
		BD2BF2671E3245E2007A6655 /* Base */ = {isa = PBXFileReference; lastKnownFileType = file.storyboard; name = Base; path = Base.lproj/Main.storyboard; sourceTree = "<group>"; };
		BD2BF2691E3245E2007A6655 /* Assets.xcassets */ = {isa = PBXFileReference; lastKnownFileType = folder.assetcatalog; path = Assets.xcassets; sourceTree = "<group>"; };
		BD2BF26C1E3245E2007A6655 /* Base */ = {isa = PBXFileReference; lastKnownFileType = file.storyboard; name = Base; path = Base.lproj/LaunchScreen.storyboard; sourceTree = "<group>"; };
		BD2BF26E1E3245E2007A6655 /* Info.plist */ = {isa = PBXFileReference; lastKnownFileType = text.plist.xml; path = Info.plist; sourceTree = "<group>"; };
		BD2BF2781E3246E8007A6655 /* ColorPickerViewController.swift */ = {isa = PBXFileReference; fileEncoding = 4; lastKnownFileType = sourcecode.swift; path = ColorPickerViewController.swift; sourceTree = "<group>"; };
		BD2BF27C1E327D25007A6655 /* ColorPickerDelegate.swift */ = {isa = PBXFileReference; fileEncoding = 4; lastKnownFileType = sourcecode.swift; path = ColorPickerDelegate.swift; sourceTree = "<group>"; };
/* End PBXFileReference section */

/* Begin PBXFrameworksBuildPhase section */
		BD2BF25C1E3245E2007A6655 /* Frameworks */ = {
			isa = PBXFrameworksBuildPhase;
			buildActionMask = 2147483647;
			files = (
			);
			runOnlyForDeploymentPostprocessing = 0;
		};
/* End PBXFrameworksBuildPhase section */

/* Begin PBXGroup section */
		BD2BF2561E3245E1007A6655 = {
			isa = PBXGroup;
			children = (
				BD2BF2611E3245E2007A6655 /* iOS10 Delegate Pattern Example */,
				BD2BF2601E3245E2007A6655 /* Products */,
			);
			sourceTree = "<group>";
		};
		BD2BF2601E3245E2007A6655 /* Products */ = {
			isa = PBXGroup;
			children = (
				BD2BF25F1E3245E2007A6655 /* iOS10 Delegate Pattern Example.app */,
			);
			name = Products;
			sourceTree = "<group>";
		};
		BD2BF2611E3245E2007A6655 /* iOS10 Delegate Pattern Example */ = {
			isa = PBXGroup;
			children = (
				BD2BF27C1E327D25007A6655 /* ColorPickerDelegate.swift */,
				BD2BF2781E3246E8007A6655 /* ColorPickerViewController.swift */,
				BD2BF2621E3245E2007A6655 /* AppDelegate.swift */,
				BD2BF2641E3245E2007A6655 /* ViewController.swift */,
				BD2BF2661E3245E2007A6655 /* Main.storyboard */,
				BD2BF2691E3245E2007A6655 /* Assets.xcassets */,
				BD2BF26B1E3245E2007A6655 /* LaunchScreen.storyboard */,
				BD2BF26E1E3245E2007A6655 /* Info.plist */,
			);
			path = "iOS10 Delegate Pattern Example";
			sourceTree = "<group>";
		};
/* End PBXGroup section */

/* Begin PBXNativeTarget section */
		BD2BF25E1E3245E2007A6655 /* iOS10 Delegate Pattern Example */ = {
			isa = PBXNativeTarget;
			buildConfigurationList = BD2BF2711E3245E2007A6655 /* Build configuration list for PBXNativeTarget "iOS10 Delegate Pattern Example" */;
			buildPhases = (
				BD2BF25B1E3245E2007A6655 /* Sources */,
				BD2BF25C1E3245E2007A6655 /* Frameworks */,
				BD2BF25D1E3245E2007A6655 /* Resources */,
			);
			buildRules = (
			);
			dependencies = (
			);
			name = "iOS10 Delegate Pattern Example";
			productName = "iOS10 Delegate Pattern Example";
			productReference = BD2BF25F1E3245E2007A6655 /* iOS10 Delegate Pattern Example.app */;
			productType = "com.apple.product-type.application";
		};
/* End PBXNativeTarget section */

/* Begin PBXProject section */
		BD2BF2571E3245E1007A6655 /* Project object */ = {
			isa = PBXProject;
			attributes = {
				LastSwiftUpdateCheck = 0820;
				LastUpgradeCheck = 0820;
				ORGANIZATIONNAME = aney;
				TargetAttributes = {
					BD2BF25E1E3245E2007A6655 = {
						CreatedOnToolsVersion = 8.2.1;
						ProvisioningStyle = Automatic;
					};
				};
			};
			buildConfigurationList = BD2BF25A1E3245E1007A6655 /* Build configuration list for PBXProject "iOS10 Delegate Pattern Example" */;
			compatibilityVersion = "Xcode 3.2";
			developmentRegion = English;
			hasScannedForEncodings = 0;
			knownRegions = (
				en,
				Base,
			);
			mainGroup = BD2BF2561E3245E1007A6655;
			productRefGroup = BD2BF2601E3245E2007A6655 /* Products */;
			projectDirPath = "";
			projectRoot = "";
			targets = (
				BD2BF25E1E3245E2007A6655 /* iOS10 Delegate Pattern Example */,
			);
		};
/* End PBXProject section */

/* Begin PBXResourcesBuildPhase section */
		BD2BF25D1E3245E2007A6655 /* Resources */ = {
			isa = PBXResourcesBuildPhase;
			buildActionMask = 2147483647;
			files = (
				BD2BF26D1E3245E2007A6655 /* LaunchScreen.storyboard in Resources */,
				BD2BF26A1E3245E2007A6655 /* Assets.xcassets in Resources */,
				BD2BF2681E3245E2007A6655 /* Main.storyboard in Resources */,
			);
			runOnlyForDeploymentPostprocessing = 0;
		};
/* End PBXResourcesBuildPhase section */

/* Begin PBXSourcesBuildPhase section */
		BD2BF25B1E3245E2007A6655 /* Sources */ = {
			isa = PBXSourcesBuildPhase;
			buildActionMask = 2147483647;
			files = (
				BD2BF27D1E327D25007A6655 /* ColorPickerDelegate.swift in Sources */,
				BD2BF2651E3245E2007A6655 /* ViewController.swift in Sources */,
				BD2BF2791E3246E8007A6655 /* ColorPickerViewController.swift in Sources */,
				BD2BF2631E3245E2007A6655 /* AppDelegate.swift in Sources */,
			);
			runOnlyForDeploymentPostprocessing = 0;
		};
/* End PBXSourcesBuildPhase section */

/* Begin PBXVariantGroup section */
		BD2BF2661E3245E2007A6655 /* Main.storyboard */ = {
			isa = PBXVariantGroup;
			children = (
				BD2BF2671E3245E2007A6655 /* Base */,
			);
			name = Main.storyboard;
			sourceTree = "<group>";
		};
		BD2BF26B1E3245E2007A6655 /* LaunchScreen.storyboard */ = {
			isa = PBXVariantGroup;
			children = (
				BD2BF26C1E3245E2007A6655 /* Base */,
			);
			name = LaunchScreen.storyboard;
			sourceTree = "<group>";
		};
/* End PBXVariantGroup section */

/* Begin XCBuildConfiguration section */
		BD2BF26F1E3245E2007A6655 /* Debug */ = {
			isa = XCBuildConfiguration;
			buildSettings = {
				ALWAYS_SEARCH_USER_PATHS = NO;
				CLANG_ANALYZER_NONNULL = YES;
				CLANG_CXX_LANGUAGE_STANDARD = "gnu++0x";
				CLANG_CXX_LIBRARY = "libc++";
				CLANG_ENABLE_MODULES = YES;
				CLANG_ENABLE_OBJC_ARC = YES;
				CLANG_WARN_BOOL_CONVERSION = YES;
				CLANG_WARN_CONSTANT_CONVERSION = YES;
				CLANG_WARN_DIRECT_OBJC_ISA_USAGE = YES_ERROR;
				CLANG_WARN_DOCUMENTATION_COMMENTS = YES;
				CLANG_WARN_EMPTY_BODY = YES;
				CLANG_WARN_ENUM_CONVERSION = YES;
				CLANG_WARN_INFINITE_RECURSION = YES;
				CLANG_WARN_INT_CONVERSION = YES;
				CLANG_WARN_OBJC_ROOT_CLASS = YES_ERROR;
				CLANG_WARN_SUSPICIOUS_MOVE = YES;
				CLANG_WARN_UNREACHABLE_CODE = YES;
				CLANG_WARN__DUPLICATE_METHOD_MATCH = YES;
				"CODE_SIGN_IDENTITY[sdk=iphoneos*]" = "iPhone Developer";
				COPY_PHASE_STRIP = NO;
				DEBUG_INFORMATION_FORMAT = dwarf;
				ENABLE_STRICT_OBJC_MSGSEND = YES;
				ENABLE_TESTABILITY = YES;
				GCC_C_LANGUAGE_STANDARD = gnu99;
				GCC_DYNAMIC_NO_PIC = NO;
				GCC_NO_COMMON_BLOCKS = YES;
				GCC_OPTIMIZATION_LEVEL = 0;
				GCC_PREPROCESSOR_DEFINITIONS = (
					"DEBUG=1",
					"$(inherited)",
				);
				GCC_WARN_64_TO_32_BIT_CONVERSION = YES;
				GCC_WARN_ABOUT_RETURN_TYPE = YES_ERROR;
				GCC_WARN_UNDECLARED_SELECTOR = YES;
				GCC_WARN_UNINITIALIZED_AUTOS = YES_AGGRESSIVE;
				GCC_WARN_UNUSED_FUNCTION = YES;
				GCC_WARN_UNUSED_VARIABLE = YES;
				IPHONEOS_DEPLOYMENT_TARGET = 10.2;
				MTL_ENABLE_DEBUG_INFO = YES;
				ONLY_ACTIVE_ARCH = YES;
				SDKROOT = iphoneos;
				SWIFT_ACTIVE_COMPILATION_CONDITIONS = DEBUG;
				SWIFT_OPTIMIZATION_LEVEL = "-Onone";
				TARGETED_DEVICE_FAMILY = "1,2";
			};
			name = Debug;
		};
		BD2BF2701E3245E2007A6655 /* Release */ = {
			isa = XCBuildConfiguration;
			buildSettings = {
				ALWAYS_SEARCH_USER_PATHS = NO;
				CLANG_ANALYZER_NONNULL = YES;
				CLANG_CXX_LANGUAGE_STANDARD = "gnu++0x";
				CLANG_CXX_LIBRARY = "libc++";
				CLANG_ENABLE_MODULES = YES;
				CLANG_ENABLE_OBJC_ARC = YES;
				CLANG_WARN_BOOL_CONVERSION = YES;
				CLANG_WARN_CONSTANT_CONVERSION = YES;
				CLANG_WARN_DIRECT_OBJC_ISA_USAGE = YES_ERROR;
				CLANG_WARN_DOCUMENTATION_COMMENTS = YES;
				CLANG_WARN_EMPTY_BODY = YES;
				CLANG_WARN_ENUM_CONVERSION = YES;
				CLANG_WARN_INFINITE_RECURSION = YES;
				CLANG_WARN_INT_CONVERSION = YES;
				CLANG_WARN_OBJC_ROOT_CLASS = YES_ERROR;
				CLANG_WARN_SUSPICIOUS_MOVE = YES;
				CLANG_WARN_UNREACHABLE_CODE = YES;
				CLANG_WARN__DUPLICATE_METHOD_MATCH = YES;
				"CODE_SIGN_IDENTITY[sdk=iphoneos*]" = "iPhone Developer";
				COPY_PHASE_STRIP = NO;
				DEBUG_INFORMATION_FORMAT = "dwarf-with-dsym";
				ENABLE_NS_ASSERTIONS = NO;
				ENABLE_STRICT_OBJC_MSGSEND = YES;
				GCC_C_LANGUAGE_STANDARD = gnu99;
				GCC_NO_COMMON_BLOCKS = YES;
				GCC_WARN_64_TO_32_BIT_CONVERSION = YES;
				GCC_WARN_ABOUT_RETURN_TYPE = YES_ERROR;
				GCC_WARN_UNDECLARED_SELECTOR = YES;
				GCC_WARN_UNINITIALIZED_AUTOS = YES_AGGRESSIVE;
				GCC_WARN_UNUSED_FUNCTION = YES;
				GCC_WARN_UNUSED_VARIABLE = YES;
				IPHONEOS_DEPLOYMENT_TARGET = 10.2;
				MTL_ENABLE_DEBUG_INFO = NO;
				SDKROOT = iphoneos;
				SWIFT_OPTIMIZATION_LEVEL = "-Owholemodule";
				TARGETED_DEVICE_FAMILY = "1,2";
				VALIDATE_PRODUCT = YES;
			};
			name = Release;
		};
		BD2BF2721E3245E2007A6655 /* Debug */ = {
			isa = XCBuildConfiguration;
			buildSettings = {
				ASSETCATALOG_COMPILER_APPICON_NAME = AppIcon;
				INFOPLIST_FILE = "iOS10 Delegate Pattern Example/Info.plist";
				LD_RUNPATH_SEARCH_PATHS = "$(inherited) @executable_path/Frameworks";
				PRODUCT_BUNDLE_IDENTIFIER = "com.aney.iOS10-Delegate-Pattern-Example";
				PRODUCT_NAME = "$(TARGET_NAME)";
				SWIFT_VERSION = 3.0;
			};
			name = Debug;
		};
		BD2BF2731E3245E2007A6655 /* Release */ = {
			isa = XCBuildConfiguration;
			buildSettings = {
				ASSETCATALOG_COMPILER_APPICON_NAME = AppIcon;
				INFOPLIST_FILE = "iOS10 Delegate Pattern Example/Info.plist";
				LD_RUNPATH_SEARCH_PATHS = "$(inherited) @executable_path/Frameworks";
				PRODUCT_BUNDLE_IDENTIFIER = "com.aney.iOS10-Delegate-Pattern-Example";
				PRODUCT_NAME = "$(TARGET_NAME)";
				SWIFT_VERSION = 3.0;
			};
			name = Release;
		};
/* End XCBuildConfiguration section */

/* Begin XCConfigurationList section */
		BD2BF25A1E3245E1007A6655 /* Build configuration list for PBXProject "iOS10 Delegate Pattern Example" */ = {
			isa = XCConfigurationList;
			buildConfigurations = (
				BD2BF26F1E3245E2007A6655 /* Debug */,
				BD2BF2701E3245E2007A6655 /* Release */,
			);
			defaultConfigurationIsVisible = 0;
			defaultConfigurationName = Release;
		};
		BD2BF2711E3245E2007A6655 /* Build configuration list for PBXNativeTarget "iOS10 Delegate Pattern Example" */ = {
			isa = XCConfigurationList;
			buildConfigurations = (
				BD2BF2721E3245E2007A6655 /* Debug */,
				BD2BF2731E3245E2007A6655 /* Release */,
			);
			defaultConfigurationIsVisible = 0;
			defaultConfigurationName = Release;
		};
/* End XCConfigurationList section */
	};
	rootObject = BD2BF2571E3245E1007A6655 /* Project object */;
}
